
Microsoft Visual Studio Solution File, Format Version 12.00
# Visual Studio Version 17
VisualStudioVersion = 17.3.32804.467
MinimumVisualStudioVersion = 10.0.40219.1
Project("{FAE04EC0-301F-11D3-BF4B-00C04F79EFBC}") = "NumberToWords", "NumberToWords\NumberToWords.csproj", "{596B88FF-6B24-488E-8C6B-0FC5157ED3A9}"
EndProject
Global
	GlobalSection(SolutionConfigurationPlatforms) = preSolution
		Debug|Any CPU = Debug|Any CPU
		Release|Any CPU = Release|Any CPU
	EndGlobalSection
	GlobalSection(ProjectConfigurationPlatforms) = postSolution
		{596B88FF-6B24-488E-8C6B-0FC5157ED3A9}.Debug|Any CPU.ActiveCfg = Debug|Any CPU
		{596B88FF-6B24-488E-8C6B-0FC5157ED3A9}.Debug|Any CPU.Build.0 = Debug|Any CPU
		{596B88FF-6B24-488E-8C6B-0FC5157ED3A9}.Release|Any CPU.ActiveCfg = Release|Any CPU
		{596B88FF-6B24-488E-8C6B-0FC5157ED3A9}.Release|Any CPU.Build.0 = Release|Any CPU
	EndGlobalSection
	GlobalSection(SolutionProperties) = preSolution
		HideSolutionNode = FALSE
	EndGlobalSection
	GlobalSection(ExtensibilityGlobals) = postSolution
		SolutionGuid = {B49A627C-3D79-41DA-BEE6-E8E8BFC0A996}
	EndGlobalSection
EndGlobal
